
Microsoft Visual Studio Solution File, Format Version 10.00
# Visual Studio 2008
Project("{E24C65DC-7377-472B-9ABA-BC803B73C61A}") = "AppEjemploXML", "AppEjemploXML\", "{AA3069DB-B599-4AE6-B91B-18D8675940BF}"
	ProjectSection(WebsiteProperties) = preProject
		TargetFramework = "3.5"
		Debug.AspNetCompiler.VirtualPath = "/AppEjemploXML"
		Debug.AspNetCompiler.PhysicalPath = "AppEjemploXML\"
		Debug.AspNetCompiler.TargetPath = "PrecompiledWeb\AppEjemploXML\"
		Debug.AspNetCompiler.Updateable = "true"
		Debug.AspNetCompiler.ForceOverwrite = "true"
		Debug.AspNetCompiler.FixedNames = "false"
		Debug.AspNetCompiler.Debug = "True"
		Release.AspNetCompiler.VirtualPath = "/AppEjemploXML"
		Release.AspNetCompiler.PhysicalPath = "AppEjemploXML\"
		Release.AspNetCompiler.TargetPath = "PrecompiledWeb\AppEjemploXML\"
		Release.AspNetCompiler.Updateable = "true"
		Release.AspNetCompiler.ForceOverwrite = "true"
		Release.AspNetCompiler.FixedNames = "false"
		Release.AspNetCompiler.Debug = "False"
		VWDPort = "51254"
	EndProjectSection
EndProject
Project("{E24C65DC-7377-472B-9ABA-BC803B73C61A}") = "CursoWebSemantica", "http://prometeo/CursoWebSemantica", "{9247A914-27DC-4B1C-B782-47B38E63371E}"
	ProjectSection(WebsiteProperties) = preProject
		Frontpage = "true"
		TargetFramework = "3.5"
		Debug.AspNetCompiler.VirtualPath = "/CursoWebSemantica"
		Debug.AspNetCompiler.PhysicalPath = "..\..\..\..\..\..\..\..\AppData\Local\Temp\VWDWebCache\prometeo_CursoWebSemantica\"
		Debug.AspNetCompiler.TargetPath = "PrecompiledWeb\CursoWebSemantica\"
		Debug.AspNetCompiler.Updateable = "true"
		Debug.AspNetCompiler.ForceOverwrite = "true"
		Debug.AspNetCompiler.FixedNames = "false"
		Debug.AspNetCompiler.Debug = "True"
		Release.AspNetCompiler.VirtualPath = "/CursoWebSemantica"
		Release.AspNetCompiler.PhysicalPath = "..\..\..\..\..\..\..\..\AppData\Local\Temp\VWDWebCache\prometeo_CursoWebSemantica\"
		Release.AspNetCompiler.TargetPath = "PrecompiledWeb\CursoWebSemantica\"
		Release.AspNetCompiler.Updateable = "true"
		Release.AspNetCompiler.ForceOverwrite = "true"
		Release.AspNetCompiler.FixedNames = "false"
		Release.AspNetCompiler.Debug = "False"
	EndProjectSection
EndProject
Project("{A600195B-9032-4C52-96BF-FCDD20B44289}") = "ProModeloAgenda", "ProModeloAgenda\ProModeloAgenda.pdproj", "{2F3A7E65-789C-4A89-9E87-DEF5222BBC7C}"
EndProject
Global
	GlobalSection(PowerDesigner) = preSolution
		HasSWS = 1
	EndGlobalSection
	GlobalSection(SolutionConfigurationPlatforms) = preSolution
		Debug|.NET = Debug|.NET
	EndGlobalSection
	GlobalSection(ProjectConfigurationPlatforms) = postSolution
		{AA3069DB-B599-4AE6-B91B-18D8675940BF}.Debug|.NET.ActiveCfg = Debug|.NET
		{AA3069DB-B599-4AE6-B91B-18D8675940BF}.Debug|.NET.Build.0 = Debug|.NET
		{9247A914-27DC-4B1C-B782-47B38E63371E}.Debug|.NET.ActiveCfg = Debug|.NET
		{9247A914-27DC-4B1C-B782-47B38E63371E}.Debug|.NET.Build.0 = Debug|.NET
	EndGlobalSection
	GlobalSection(SolutionProperties) = preSolution
		HideSolutionNode = FALSE
	EndGlobalSection
EndGlobal
